
Microsoft Visual Studio Solution File, Format Version 12.00
# Visual Studio Version 16
VisualStudioVersion = 16.0.30503.244
MinimumVisualStudioVersion = 10.0.40219.1
Project("{FAE04EC0-301F-11D3-BF4B-00C04F79EFBC}") = "ControlProteinasTareaAgenda4", "ControlProteinasTareaAgenda4\ControlProteinasTareaAgenda4.csproj", "{41D2FA63-EDF9-46CD-86E5-BFC98AB4EB55}"
EndProject
Global
	GlobalSection(SolutionConfigurationPlatforms) = preSolution
		Debug|Any CPU = Debug|Any CPU
		Release|Any CPU = Release|Any CPU
	EndGlobalSection
	GlobalSection(ProjectConfigurationPlatforms) = postSolution
		{41D2FA63-EDF9-46CD-86E5-BFC98AB4EB55}.Debug|Any CPU.ActiveCfg = Debug|Any CPU
		{41D2FA63-EDF9-46CD-86E5-BFC98AB4EB55}.Debug|Any CPU.Build.0 = Debug|Any CPU
		{41D2FA63-EDF9-46CD-86E5-BFC98AB4EB55}.Release|Any CPU.ActiveCfg = Release|Any CPU
		{41D2FA63-EDF9-46CD-86E5-BFC98AB4EB55}.Release|Any CPU.Build.0 = Release|Any CPU
	EndGlobalSection
	GlobalSection(SolutionProperties) = preSolution
		HideSolutionNode = FALSE
	EndGlobalSection
	GlobalSection(ExtensibilityGlobals) = postSolution
		SolutionGuid = {2A117C63-A4AD-405F-850F-9FE698402DFC}
	EndGlobalSection
EndGlobal
